version = 1
revision = 3
requires-python = "==3.13.*"

[options]
exclude-newer = "2026-09-14T02:31:15.408871903Z"
exclude-newer-span = "P7D"

[options.exclude-newer-package]
netbek-dw-lib = { timestamp = "2026-09-21T02:31:15.408878353Z", span = "PT0S" }

[[package]]
name = "dbt-peerdb"
version = "0.0.8"
source = { virtual = "." }
